
Microsoft Visual Studio Solution File, Format Version 12.00
# Visual Studio 15
VisualStudioVersion = 15.0.27428.2037
MinimumVisualStudioVersion = 10.0.40219.1
Project("{FAE04EC0-301F-11D3-BF4B-00C04F79EFBC}") = "Update", "Update\Update.csproj", "{9F103000-4CBA-4227-B346-7A0B4A8A6424}"
EndProject
Project("{FAE04EC0-301F-11D3-BF4B-00C04F79EFBC}") = "Utility", "Utility\Utility.csproj", "{7D2599CC-FAE1-42B7-989D-A193D189F335}"
EndProject
Global
	GlobalSection(SolutionConfigurationPlatforms) = preSolution
		Debug|Any CPU = Debug|Any CPU
		Release|Any CPU = Release|Any CPU
	EndGlobalSection
	GlobalSection(ProjectConfigurationPlatforms) = postSolution
		{9F103000-4CBA-4227-B346-7A0B4A8A6424}.Debug|Any CPU.ActiveCfg = Debug|Any CPU
		{9F103000-4CBA-4227-B346-7A0B4A8A6424}.Debug|Any CPU.Build.0 = Debug|Any CPU
		{9F103000-4CBA-4227-B346-7A0B4A8A6424}.Release|Any CPU.ActiveCfg = Release|Any CPU
		{9F103000-4CBA-4227-B346-7A0B4A8A6424}.Release|Any CPU.Build.0 = Release|Any CPU
		{7D2599CC-FAE1-42B7-989D-A193D189F335}.Debug|Any CPU.ActiveCfg = Debug|Any CPU
		{7D2599CC-FAE1-42B7-989D-A193D189F335}.Debug|Any CPU.Build.0 = Debug|Any CPU
		{7D2599CC-FAE1-42B7-989D-A193D189F335}.Release|Any CPU.ActiveCfg = Release|Any CPU
		{7D2599CC-FAE1-42B7-989D-A193D189F335}.Release|Any CPU.Build.0 = Release|Any CPU
	EndGlobalSection
	GlobalSection(SolutionProperties) = preSolution
		HideSolutionNode = FALSE
	EndGlobalSection
	GlobalSection(ExtensibilityGlobals) = postSolution
		SolutionGuid = {26C9BA12-073F-48C8-9CC5-69F6E7BF8045}
	EndGlobalSection
EndGlobal
